// !$*UTF8*$!
{
	archiveVersion = 1;
	classes = {
	};
	objectVersion = 46;
	objects = {

/* Begin PBXBuildFile section */
		3A0165671D58DCF6001B8EB6 /* main.m in Sources */ = {isa = PBXBuildFile; fileRef = 3A0165661D58DCF6001B8EB6 /* main.m */; };
		3A01656A1D58DCF6001B8EB6 /* AppDelegate.m in Sources */ = {isa = PBXBuildFile; fileRef = 3A0165691D58DCF6001B8EB6 /* AppDelegate.m */; };
		3A0165701D58DCF6001B8EB6 /* Main.storyboard in Resources */ = {isa = PBXBuildFile; fileRef = 3A01656E1D58DCF6001B8EB6 /* Main.storyboard */; };
		3A0165731D58DCF6001B8EB6 /* PhoneBook.xcdatamodeld in Sources */ = {isa = PBXBuildFile; fileRef = 3A0165711D58DCF6001B8EB6 /* PhoneBook.xcdatamodeld */; };
		3A0165751D58DCF7001B8EB6 /* Assets.xcassets in Resources */ = {isa = PBXBuildFile; fileRef = 3A0165741D58DCF7001B8EB6 /* Assets.xcassets */; };
		3A0165781D58DCF7001B8EB6 /* LaunchScreen.storyboard in Resources */ = {isa = PBXBuildFile; fileRef = 3A0165761D58DCF7001B8EB6 /* LaunchScreen.storyboard */; };
		3A0165811D58DE0D001B8EB6 /* DSPhoneBookViewController.m in Sources */ = {isa = PBXBuildFile; fileRef = 3A0165801D58DE0D001B8EB6 /* DSPhoneBookViewController.m */; };
		3A0165841D58DE51001B8EB6 /* DSCoreDataHandler.m in Sources */ = {isa = PBXBuildFile; fileRef = 3A0165831D58DE51001B8EB6 /* DSCoreDataHandler.m */; };
		3A0165941D590C6C001B8EB6 /* DSPhoneBookManager.m in Sources */ = {isa = PBXBuildFile; fileRef = 3A0165931D590C6C001B8EB6 /* DSPhoneBookManager.m */; };
		3A0165BC1D593B76001B8EB6 /* DSContact+CoreDataProperties.m in Sources */ = {isa = PBXBuildFile; fileRef = 3A0165B51D593B76001B8EB6 /* DSContact+CoreDataProperties.m */; };
		3A0165BD1D593B76001B8EB6 /* DSContact.m in Sources */ = {isa = PBXBuildFile; fileRef = 3A0165B71D593B76001B8EB6 /* DSContact.m */; };
		3A0165BE1D593B76001B8EB6 /* DSCategory+CoreDataProperties.m in Sources */ = {isa = PBXBuildFile; fileRef = 3A0165B91D593B76001B8EB6 /* DSCategory+CoreDataProperties.m */; };
		3A0165BF1D593B76001B8EB6 /* DSCategory.m in Sources */ = {isa = PBXBuildFile; fileRef = 3A0165BB1D593B76001B8EB6 /* DSCategory.m */; };
/* End PBXBuildFile section */

/* Begin PBXFileReference section */
		3A0165621D58DCF6001B8EB6 /* PhoneBook.app */ = {isa = PBXFileReference; explicitFileType = wrapper.application; includeInIndex = 0; path = PhoneBook.app; sourceTree = BUILT_PRODUCTS_DIR; };
		3A0165661D58DCF6001B8EB6 /* main.m */ = {isa = PBXFileReference; lastKnownFileType = sourcecode.c.objc; path = main.m; sourceTree = "<group>"; };
		3A0165681D58DCF6001B8EB6 /* AppDelegate.h */ = {isa = PBXFileReference; lastKnownFileType = sourcecode.c.h; path = AppDelegate.h; sourceTree = "<group>"; };
		3A0165691D58DCF6001B8EB6 /* AppDelegate.m */ = {isa = PBXFileReference; lastKnownFileType = sourcecode.c.objc; path = AppDelegate.m; sourceTree = "<group>"; };
		3A01656F1D58DCF6001B8EB6 /* Base */ = {isa = PBXFileReference; lastKnownFileType = file.storyboard; name = Base; path = Base.lproj/Main.storyboard; sourceTree = "<group>"; };
		3A0165721D58DCF6001B8EB6 /* PhoneBook.xcdatamodel */ = {isa = PBXFileReference; lastKnownFileType = wrapper.xcdatamodel; path = PhoneBook.xcdatamodel; sourceTree = "<group>"; };
		3A0165741D58DCF7001B8EB6 /* Assets.xcassets */ = {isa = PBXFileReference; lastKnownFileType = folder.assetcatalog; path = Assets.xcassets; sourceTree = "<group>"; };
		3A0165771D58DCF7001B8EB6 /* Base */ = {isa = PBXFileReference; lastKnownFileType = file.storyboard; name = Base; path = Base.lproj/LaunchScreen.storyboard; sourceTree = "<group>"; };
		3A0165791D58DCF7001B8EB6 /* Info.plist */ = {isa = PBXFileReference; lastKnownFileType = text.plist.xml; path = Info.plist; sourceTree = "<group>"; };
		3A01657F1D58DE0D001B8EB6 /* DSPhoneBookViewController.h */ = {isa = PBXFileReference; fileEncoding = 4; lastKnownFileType = sourcecode.c.h; name = DSPhoneBookViewController.h; path = ../DSPhoneBookViewController.h; sourceTree = "<group>"; };
		3A0165801D58DE0D001B8EB6 /* DSPhoneBookViewController.m */ = {isa = PBXFileReference; fileEncoding = 4; lastKnownFileType = sourcecode.c.objc; name = DSPhoneBookViewController.m; path = ../DSPhoneBookViewController.m; sourceTree = "<group>"; };
		3A0165821D58DE51001B8EB6 /* DSCoreDataHandler.h */ = {isa = PBXFileReference; fileEncoding = 4; lastKnownFileType = sourcecode.c.h; path = DSCoreDataHandler.h; sourceTree = "<group>"; };
		3A0165831D58DE51001B8EB6 /* DSCoreDataHandler.m */ = {isa = PBXFileReference; fileEncoding = 4; lastKnownFileType = sourcecode.c.objc; path = DSCoreDataHandler.m; sourceTree = "<group>"; };
		3A0165921D590C6C001B8EB6 /* DSPhoneBookManager.h */ = {isa = PBXFileReference; fileEncoding = 4; lastKnownFileType = sourcecode.c.h; path = DSPhoneBookManager.h; sourceTree = "<group>"; };
		3A0165931D590C6C001B8EB6 /* DSPhoneBookManager.m */ = {isa = PBXFileReference; fileEncoding = 4; lastKnownFileType = sourcecode.c.objc; path = DSPhoneBookManager.m; sourceTree = "<group>"; };
		3A0165B41D593B76001B8EB6 /* DSContact+CoreDataProperties.h */ = {isa = PBXFileReference; fileEncoding = 4; lastKnownFileType = sourcecode.c.h; name = "DSContact+CoreDataProperties.h"; path = "../DSContact+CoreDataProperties.h"; sourceTree = "<group>"; };
		3A0165B51D593B76001B8EB6 /* DSContact+CoreDataProperties.m */ = {isa = PBXFileReference; fileEncoding = 4; lastKnownFileType = sourcecode.c.objc; name = "DSContact+CoreDataProperties.m"; path = "../DSContact+CoreDataProperties.m"; sourceTree = "<group>"; };
		3A0165B61D593B76001B8EB6 /* DSContact.h */ = {isa = PBXFileReference; fileEncoding = 4; lastKnownFileType = sourcecode.c.h; name = DSContact.h; path = ../DSContact.h; sourceTree = "<group>"; };
		3A0165B71D593B76001B8EB6 /* DSContact.m */ = {isa = PBXFileReference; fileEncoding = 4; lastKnownFileType = sourcecode.c.objc; name = DSContact.m; path = ../DSContact.m; sourceTree = "<group>"; };
		3A0165B81D593B76001B8EB6 /* DSCategory+CoreDataProperties.h */ = {isa = PBXFileReference; fileEncoding = 4; lastKnownFileType = sourcecode.c.h; name = "DSCategory+CoreDataProperties.h"; path = "../DSCategory+CoreDataProperties.h"; sourceTree = "<group>"; };
		3A0165B91D593B76001B8EB6 /* DSCategory+CoreDataProperties.m */ = {isa = PBXFileReference; fileEncoding = 4; lastKnownFileType = sourcecode.c.objc; name = "DSCategory+CoreDataProperties.m"; path = "../DSCategory+CoreDataProperties.m"; sourceTree = "<group>"; };
		3A0165BA1D593B76001B8EB6 /* DSCategory.h */ = {isa = PBXFileReference; fileEncoding = 4; lastKnownFileType = sourcecode.c.h; name = DSCategory.h; path = ../DSCategory.h; sourceTree = "<group>"; };
		3A0165BB1D593B76001B8EB6 /* DSCategory.m */ = {isa = PBXFileReference; fileEncoding = 4; lastKnownFileType = sourcecode.c.objc; name = DSCategory.m; path = ../DSCategory.m; sourceTree = "<group>"; };
/* End PBXFileReference section */

/* Begin PBXFrameworksBuildPhase section */
		3A01655F1D58DCF6001B8EB6 /* Frameworks */ = {
			isa = PBXFrameworksBuildPhase;
			buildActionMask = 2147483647;
			files = (
			);
			runOnlyForDeploymentPostprocessing = 0;
		};
/* End PBXFrameworksBuildPhase section */

/* Begin PBXGroup section */
		3A0165591D58DCF6001B8EB6 = {
			isa = PBXGroup;
			children = (
				3A0165641D58DCF6001B8EB6 /* PhoneBook */,
				3A0165631D58DCF6001B8EB6 /* Products */,
			);
			sourceTree = "<group>";
		};
		3A0165631D58DCF6001B8EB6 /* Products */ = {
			isa = PBXGroup;
			children = (
				3A0165621D58DCF6001B8EB6 /* PhoneBook.app */,
			);
			name = Products;
			sourceTree = "<group>";
		};
		3A0165641D58DCF6001B8EB6 /* PhoneBook */ = {
			isa = PBXGroup;
			children = (
				3A0165911D58EB70001B8EB6 /* Models */,
				3A0165951D5911AC001B8EB6 /* components */,
				3A01657F1D58DE0D001B8EB6 /* DSPhoneBookViewController.h */,
				3A0165801D58DE0D001B8EB6 /* DSPhoneBookViewController.m */,
				3A0165681D58DCF6001B8EB6 /* AppDelegate.h */,
				3A0165691D58DCF6001B8EB6 /* AppDelegate.m */,
				3A01656E1D58DCF6001B8EB6 /* Main.storyboard */,
				3A0165741D58DCF7001B8EB6 /* Assets.xcassets */,
				3A0165761D58DCF7001B8EB6 /* LaunchScreen.storyboard */,
				3A0165791D58DCF7001B8EB6 /* Info.plist */,
				3A0165711D58DCF6001B8EB6 /* PhoneBook.xcdatamodeld */,
				3A0165651D58DCF6001B8EB6 /* Supporting Files */,
			);
			path = PhoneBook;
			sourceTree = "<group>";
		};
		3A0165651D58DCF6001B8EB6 /* Supporting Files */ = {
			isa = PBXGroup;
			children = (
				3A0165661D58DCF6001B8EB6 /* main.m */,
			);
			name = "Supporting Files";
			sourceTree = "<group>";
		};
		3A0165911D58EB70001B8EB6 /* Models */ = {
			isa = PBXGroup;
			children = (
				3A0165B41D593B76001B8EB6 /* DSContact+CoreDataProperties.h */,
				3A0165B51D593B76001B8EB6 /* DSContact+CoreDataProperties.m */,
				3A0165B61D593B76001B8EB6 /* DSContact.h */,
				3A0165B71D593B76001B8EB6 /* DSContact.m */,
				3A0165B81D593B76001B8EB6 /* DSCategory+CoreDataProperties.h */,
				3A0165B91D593B76001B8EB6 /* DSCategory+CoreDataProperties.m */,
				3A0165BA1D593B76001B8EB6 /* DSCategory.h */,
				3A0165BB1D593B76001B8EB6 /* DSCategory.m */,
			);
			name = Models;
			sourceTree = "<group>";
		};
		3A0165951D5911AC001B8EB6 /* components */ = {
			isa = PBXGroup;
			children = (
				3A0165821D58DE51001B8EB6 /* DSCoreDataHandler.h */,
				3A0165831D58DE51001B8EB6 /* DSCoreDataHandler.m */,
				3A0165921D590C6C001B8EB6 /* DSPhoneBookManager.h */,
				3A0165931D590C6C001B8EB6 /* DSPhoneBookManager.m */,
			);
			name = components;
			sourceTree = "<group>";
		};
/* End PBXGroup section */

/* Begin PBXNativeTarget section */
		3A0165611D58DCF6001B8EB6 /* PhoneBook */ = {
			isa = PBXNativeTarget;
			buildConfigurationList = 3A01657C1D58DCF7001B8EB6 /* Build configuration list for PBXNativeTarget "PhoneBook" */;
			buildPhases = (
				3A01655E1D58DCF6001B8EB6 /* Sources */,
				3A01655F1D58DCF6001B8EB6 /* Frameworks */,
				3A0165601D58DCF6001B8EB6 /* Resources */,
			);
			buildRules = (
			);
			dependencies = (
			);
			name = PhoneBook;
			productName = PhoneBook;
			productReference = 3A0165621D58DCF6001B8EB6 /* PhoneBook.app */;
			productType = "com.apple.product-type.application";
		};
/* End PBXNativeTarget section */

/* Begin PBXProject section */
		3A01655A1D58DCF6001B8EB6 /* Project object */ = {
			isa = PBXProject;
			attributes = {
				LastUpgradeCheck = 0730;
				ORGANIZATIONNAME = DhampireeSoftware;
				TargetAttributes = {
					3A0165611D58DCF6001B8EB6 = {
						CreatedOnToolsVersion = 7.3.1;
					};
				};
			};
			buildConfigurationList = 3A01655D1D58DCF6001B8EB6 /* Build configuration list for PBXProject "PhoneBook" */;
			compatibilityVersion = "Xcode 3.2";
			developmentRegion = English;
			hasScannedForEncodings = 0;
			knownRegions = (
				en,
				Base,
			);
			mainGroup = 3A0165591D58DCF6001B8EB6;
			productRefGroup = 3A0165631D58DCF6001B8EB6 /* Products */;
			projectDirPath = "";
			projectRoot = "";
			targets = (
				3A0165611D58DCF6001B8EB6 /* PhoneBook */,
			);
		};
/* End PBXProject section */

/* Begin PBXResourcesBuildPhase section */
		3A0165601D58DCF6001B8EB6 /* Resources */ = {
			isa = PBXResourcesBuildPhase;
			buildActionMask = 2147483647;
			files = (
				3A0165781D58DCF7001B8EB6 /* LaunchScreen.storyboard in Resources */,
				3A0165751D58DCF7001B8EB6 /* Assets.xcassets in Resources */,
				3A0165701D58DCF6001B8EB6 /* Main.storyboard in Resources */,
			);
			runOnlyForDeploymentPostprocessing = 0;
		};
/* End PBXResourcesBuildPhase section */

/* Begin PBXSourcesBuildPhase section */
		3A01655E1D58DCF6001B8EB6 /* Sources */ = {
			isa = PBXSourcesBuildPhase;
			buildActionMask = 2147483647;
			files = (
				3A01656A1D58DCF6001B8EB6 /* AppDelegate.m in Sources */,
				3A0165BD1D593B76001B8EB6 /* DSContact.m in Sources */,
				3A0165BE1D593B76001B8EB6 /* DSCategory+CoreDataProperties.m in Sources */,
				3A0165811D58DE0D001B8EB6 /* DSPhoneBookViewController.m in Sources */,
				3A0165671D58DCF6001B8EB6 /* main.m in Sources */,
				3A0165841D58DE51001B8EB6 /* DSCoreDataHandler.m in Sources */,
				3A0165941D590C6C001B8EB6 /* DSPhoneBookManager.m in Sources */,
				3A0165BC1D593B76001B8EB6 /* DSContact+CoreDataProperties.m in Sources */,
				3A0165BF1D593B76001B8EB6 /* DSCategory.m in Sources */,
				3A0165731D58DCF6001B8EB6 /* PhoneBook.xcdatamodeld in Sources */,
			);
			runOnlyForDeploymentPostprocessing = 0;
		};
/* End PBXSourcesBuildPhase section */

/* Begin PBXVariantGroup section */
		3A01656E1D58DCF6001B8EB6 /* Main.storyboard */ = {
			isa = PBXVariantGroup;
			children = (
				3A01656F1D58DCF6001B8EB6 /* Base */,
			);
			name = Main.storyboard;
			sourceTree = "<group>";
		};
		3A0165761D58DCF7001B8EB6 /* LaunchScreen.storyboard */ = {
			isa = PBXVariantGroup;
			children = (
				3A0165771D58DCF7001B8EB6 /* Base */,
			);
			name = LaunchScreen.storyboard;
			sourceTree = "<group>";
		};
/* End PBXVariantGroup section */

/* Begin XCBuildConfiguration section */
		3A01657A1D58DCF7001B8EB6 /* Debug */ = {
			isa = XCBuildConfiguration;
			buildSettings = {
				ALWAYS_SEARCH_USER_PATHS = NO;
				CLANG_ANALYZER_NONNULL = YES;
				CLANG_CXX_LANGUAGE_STANDARD = "gnu++0x";
				CLANG_CXX_LIBRARY = "libc++";
				CLANG_ENABLE_MODULES = YES;
				CLANG_ENABLE_OBJC_ARC = YES;
				CLANG_WARN_BOOL_CONVERSION = YES;
				CLANG_WARN_CONSTANT_CONVERSION = YES;
				CLANG_WARN_DIRECT_OBJC_ISA_USAGE = YES_ERROR;
				CLANG_WARN_EMPTY_BODY = YES;
				CLANG_WARN_ENUM_CONVERSION = YES;
				CLANG_WARN_INT_CONVERSION = YES;
				CLANG_WARN_OBJC_ROOT_CLASS = YES_ERROR;
				CLANG_WARN_UNREACHABLE_CODE = YES;
				CLANG_WARN__DUPLICATE_METHOD_MATCH = YES;
				"CODE_SIGN_IDENTITY[sdk=iphoneos*]" = "iPhone Developer";
				COPY_PHASE_STRIP = NO;
				DEBUG_INFORMATION_FORMAT = dwarf;
				ENABLE_STRICT_OBJC_MSGSEND = YES;
				ENABLE_TESTABILITY = YES;
				GCC_C_LANGUAGE_STANDARD = gnu99;
				GCC_DYNAMIC_NO_PIC = NO;
				GCC_NO_COMMON_BLOCKS = YES;
				GCC_OPTIMIZATION_LEVEL = 0;
				GCC_PREPROCESSOR_DEFINITIONS = (
					"DEBUG=1",
					"$(inherited)",
				);
				GCC_WARN_64_TO_32_BIT_CONVERSION = YES;
				GCC_WARN_ABOUT_RETURN_TYPE = YES_ERROR;
				GCC_WARN_UNDECLARED_SELECTOR = YES;
				GCC_WARN_UNINITIALIZED_AUTOS = YES_AGGRESSIVE;
				GCC_WARN_UNUSED_FUNCTION = YES;
				GCC_WARN_UNUSED_VARIABLE = YES;
				IPHONEOS_DEPLOYMENT_TARGET = 9.3;
				MTL_ENABLE_DEBUG_INFO = YES;
				ONLY_ACTIVE_ARCH = YES;
				SDKROOT = iphoneos;
				TARGETED_DEVICE_FAMILY = "1,2";
			};
			name = Debug;
		};
		3A01657B1D58DCF7001B8EB6 /* Release */ = {
			isa = XCBuildConfiguration;
			buildSettings = {
				ALWAYS_SEARCH_USER_PATHS = NO;
				CLANG_ANALYZER_NONNULL = YES;
				CLANG_CXX_LANGUAGE_STANDARD = "gnu++0x";
				CLANG_CXX_LIBRARY = "libc++";
				CLANG_ENABLE_MODULES = YES;
				CLANG_ENABLE_OBJC_ARC = YES;
				CLANG_WARN_BOOL_CONVERSION = YES;
				CLANG_WARN_CONSTANT_CONVERSION = YES;
				CLANG_WARN_DIRECT_OBJC_ISA_USAGE = YES_ERROR;
				CLANG_WARN_EMPTY_BODY = YES;
				CLANG_WARN_ENUM_CONVERSION = YES;
				CLANG_WARN_INT_CONVERSION = YES;
				CLANG_WARN_OBJC_ROOT_CLASS = YES_ERROR;
				CLANG_WARN_UNREACHABLE_CODE = YES;
				CLANG_WARN__DUPLICATE_METHOD_MATCH = YES;
				"CODE_SIGN_IDENTITY[sdk=iphoneos*]" = "iPhone Developer";
				COPY_PHASE_STRIP = NO;
				DEBUG_INFORMATION_FORMAT = "dwarf-with-dsym";
				ENABLE_NS_ASSERTIONS = NO;
				ENABLE_STRICT_OBJC_MSGSEND = YES;
				GCC_C_LANGUAGE_STANDARD = gnu99;
				GCC_NO_COMMON_BLOCKS = YES;
				GCC_WARN_64_TO_32_BIT_CONVERSION = YES;
				GCC_WARN_ABOUT_RETURN_TYPE = YES_ERROR;
				GCC_WARN_UNDECLARED_SELECTOR = YES;
				GCC_WARN_UNINITIALIZED_AUTOS = YES_AGGRESSIVE;
				GCC_WARN_UNUSED_FUNCTION = YES;
				GCC_WARN_UNUSED_VARIABLE = YES;
				IPHONEOS_DEPLOYMENT_TARGET = 9.3;
				MTL_ENABLE_DEBUG_INFO = NO;
				SDKROOT = iphoneos;
				TARGETED_DEVICE_FAMILY = "1,2";
				VALIDATE_PRODUCT = YES;
			};
			name = Release;
		};
		3A01657D1D58DCF7001B8EB6 /* Debug */ = {
			isa = XCBuildConfiguration;
			buildSettings = {
				ASSETCATALOG_COMPILER_APPICON_NAME = AppIcon;
				INFOPLIST_FILE = PhoneBook/Info.plist;
				LD_RUNPATH_SEARCH_PATHS = "$(inherited) @executable_path/Frameworks";
				PRODUCT_BUNDLE_IDENTIFIER = DS.PhoneBook;
				PRODUCT_NAME = "$(TARGET_NAME)";
			};
			name = Debug;
		};
		3A01657E1D58DCF7001B8EB6 /* Release */ = {
			isa = XCBuildConfiguration;
			buildSettings = {
				ASSETCATALOG_COMPILER_APPICON_NAME = AppIcon;
				INFOPLIST_FILE = PhoneBook/Info.plist;
				LD_RUNPATH_SEARCH_PATHS = "$(inherited) @executable_path/Frameworks";
				PRODUCT_BUNDLE_IDENTIFIER = DS.PhoneBook;
				PRODUCT_NAME = "$(TARGET_NAME)";
			};
			name = Release;
		};
/* End XCBuildConfiguration section */

/* Begin XCConfigurationList section */
		3A01655D1D58DCF6001B8EB6 /* Build configuration list for PBXProject "PhoneBook" */ = {
			isa = XCConfigurationList;
			buildConfigurations = (
				3A01657A1D58DCF7001B8EB6 /* Debug */,
				3A01657B1D58DCF7001B8EB6 /* Release */,
			);
			defaultConfigurationIsVisible = 0;
			defaultConfigurationName = Release;
		};
		3A01657C1D58DCF7001B8EB6 /* Build configuration list for PBXNativeTarget "PhoneBook" */ = {
			isa = XCConfigurationList;
			buildConfigurations = (
				3A01657D1D58DCF7001B8EB6 /* Debug */,
				3A01657E1D58DCF7001B8EB6 /* Release */,
			);
			defaultConfigurationIsVisible = 0;
			defaultConfigurationName = Release;
		};
/* End XCConfigurationList section */

/* Begin XCVersionGroup section */
		3A0165711D58DCF6001B8EB6 /* PhoneBook.xcdatamodeld */ = {
			isa = XCVersionGroup;
			children = (
				3A0165721D58DCF6001B8EB6 /* PhoneBook.xcdatamodel */,
			);
			currentVersion = 3A0165721D58DCF6001B8EB6 /* PhoneBook.xcdatamodel */;
			path = PhoneBook.xcdatamodeld;
			sourceTree = "<group>";
			versionGroupType = wrapper.xcdatamodel;
		};
/* End XCVersionGroup section */
	};
	rootObject = 3A01655A1D58DCF6001B8EB6 /* Project object */;
}
